
Microsoft Visual Studio Solution File, Format Version 12.00
# Visual Studio Version 17
VisualStudioVersion = 17.4.33213.308
MinimumVisualStudioVersion = 10.0.40219.1
Project("{54A90642-561A-4BB1-A94E-469ADEE60C69}") = "MCSERVER", "MCSERVER\MCSERVER.esproj", "{6CBB676E-88FF-4449-A131-2E1CC2E52CDA}"
EndProject
Global
	GlobalSection(SolutionConfigurationPlatforms) = preSolution
		Debug|Any CPU = Debug|Any CPU
		Release|Any CPU = Release|Any CPU
	EndGlobalSection
	GlobalSection(ProjectConfigurationPlatforms) = postSolution
		{6CBB676E-88FF-4449-A131-2E1CC2E52CDA}.Debug|Any CPU.ActiveCfg = Debug|Any CPU
		{6CBB676E-88FF-4449-A131-2E1CC2E52CDA}.Debug|Any CPU.Build.0 = Debug|Any CPU
		{6CBB676E-88FF-4449-A131-2E1CC2E52CDA}.Debug|Any CPU.Deploy.0 = Debug|Any CPU
		{6CBB676E-88FF-4449-A131-2E1CC2E52CDA}.Release|Any CPU.ActiveCfg = Release|Any CPU
		{6CBB676E-88FF-4449-A131-2E1CC2E52CDA}.Release|Any CPU.Build.0 = Release|Any CPU
		{6CBB676E-88FF-4449-A131-2E1CC2E52CDA}.Release|Any CPU.Deploy.0 = Release|Any CPU
	EndGlobalSection
	GlobalSection(SolutionProperties) = preSolution
		HideSolutionNode = FALSE
	EndGlobalSection
	GlobalSection(ExtensibilityGlobals) = postSolution
		SolutionGuid = {42E63E25-08C2-40EA-A4A6-AD121DF13A63}
	EndGlobalSection
EndGlobal
